
Microsoft Visual Studio Solution File, Format Version 12.00
# Visual Studio Version 17
VisualStudioVersion = 17.11.35222.181
MinimumVisualStudioVersion = 10.0.40219.1
Project("{FAE04EC0-301F-11D3-BF4B-00C04F79EFBC}") = "BuilderDesignPattern", "DemoDesignPartern\BuilderDesignPattern.csproj", "{17D88D1A-7EC5-4A10-AB52-0F83B01528E5}"
EndProject
Project("{FAE04EC0-301F-11D3-BF4B-00C04F79EFBC}") = "AbstractFactoryDesignPattern", "AbstractFactoryDesignPattern\AbstractFactoryDesignPattern.csproj", "{FE405C4B-5755-48A1-8B04-3AA1A8191A5A}"
EndProject
Global
	GlobalSection(SolutionConfigurationPlatforms) = preSolution
		Debug|Any CPU = Debug|Any CPU
		Release|Any CPU = Release|Any CPU
	EndGlobalSection
	GlobalSection(ProjectConfigurationPlatforms) = postSolution
		{17D88D1A-7EC5-4A10-AB52-0F83B01528E5}.Debug|Any CPU.ActiveCfg = Debug|Any CPU
		{17D88D1A-7EC5-4A10-AB52-0F83B01528E5}.Debug|Any CPU.Build.0 = Debug|Any CPU
		{17D88D1A-7EC5-4A10-AB52-0F83B01528E5}.Release|Any CPU.ActiveCfg = Release|Any CPU
		{17D88D1A-7EC5-4A10-AB52-0F83B01528E5}.Release|Any CPU.Build.0 = Release|Any CPU
		{FE405C4B-5755-48A1-8B04-3AA1A8191A5A}.Debug|Any CPU.ActiveCfg = Debug|Any CPU
		{FE405C4B-5755-48A1-8B04-3AA1A8191A5A}.Debug|Any CPU.Build.0 = Debug|Any CPU
		{FE405C4B-5755-48A1-8B04-3AA1A8191A5A}.Release|Any CPU.ActiveCfg = Release|Any CPU
		{FE405C4B-5755-48A1-8B04-3AA1A8191A5A}.Release|Any CPU.Build.0 = Release|Any CPU
	EndGlobalSection
	GlobalSection(SolutionProperties) = preSolution
		HideSolutionNode = FALSE
	EndGlobalSection
	GlobalSection(ExtensibilityGlobals) = postSolution
		SolutionGuid = {C0004522-679E-4DD5-B839-F59493005FD3}
	EndGlobalSection
EndGlobal
